// !$*UTF8*$!
{
	archiveVersion = 1;
	classes = {
	};
	objectVersion = 56;
	objects = {

/* Begin PBXBuildFile section */
		08B490FE962C8B43F0F7D20A /* Pods_Alpha_Todo.framework in Frameworks */ = {isa = PBXBuildFile; fileRef = D8599289036EC6BF06CB793C /* Pods_Alpha_Todo.framework */; };
		B6907DEA2B302E9C006D5044 /* ViewPreview.swift in Sources */ = {isa = PBXBuildFile; fileRef = B6907DE32B302E9C006D5044 /* ViewPreview.swift */; };
		B6907DEB2B302E9C006D5044 /* TabBarControllerPreview.swift in Sources */ = {isa = PBXBuildFile; fileRef = B6907DE42B302E9C006D5044 /* TabBarControllerPreview.swift */; };
		B6907DEC2B302E9C006D5044 /* ViewControllerPreview.swift in Sources */ = {isa = PBXBuildFile; fileRef = B6907DE52B302E9C006D5044 /* ViewControllerPreview.swift */; };
		B6907DED2B302E9C006D5044 /* NavigationControllerPreview.swift in Sources */ = {isa = PBXBuildFile; fileRef = B6907DE62B302E9C006D5044 /* NavigationControllerPreview.swift */; };
		B6907DEE2B302E9C006D5044 /* PreviewTabBarItem.swift in Sources */ = {isa = PBXBuildFile; fileRef = B6907DE72B302E9C006D5044 /* PreviewTabBarItem.swift */; };
		B6907DEF2B302E9C006D5044 /* DesignTime+BackDeploy.swift in Sources */ = {isa = PBXBuildFile; fileRef = B6907DE92B302E9C006D5044 /* DesignTime+BackDeploy.swift */; };
		B696F87E2B33CB9B00AF7D7D /* AppViewFactory.swift in Sources */ = {isa = PBXBuildFile; fileRef = B696F87D2B33CB9B00AF7D7D /* AppViewFactory.swift */; };
		B6A2F5AA2B30430200432876 /* Launch Screen.storyboard in Resources */ = {isa = PBXBuildFile; fileRef = B6A2F5A92B30430200432876 /* Launch Screen.storyboard */; };
		B6A4938F2B31126C00A41402 /* OnboardingViewController.swift in Sources */ = {isa = PBXBuildFile; fileRef = B6A4938E2B31126C00A41402 /* OnboardingViewController.swift */; };
		B6AD6A992B21BD9900D26F72 /* AppDelegate.swift in Sources */ = {isa = PBXBuildFile; fileRef = B6AD6A982B21BD9900D26F72 /* AppDelegate.swift */; };
		B6AD6A9B2B21BD9900D26F72 /* SceneDelegate.swift in Sources */ = {isa = PBXBuildFile; fileRef = B6AD6A9A2B21BD9900D26F72 /* SceneDelegate.swift */; };
		B6AD6AA22B21BD9B00D26F72 /* Assets.xcassets in Resources */ = {isa = PBXBuildFile; fileRef = B6AD6AA12B21BD9B00D26F72 /* Assets.xcassets */; };
		B6AEB61E2B313E5700FE492D /* UIFont+Extension.swift in Sources */ = {isa = PBXBuildFile; fileRef = B6AEB61D2B313E5700FE492D /* UIFont+Extension.swift */; };
		B6AEB6212B31441900FE492D /* MainViewController.swift in Sources */ = {isa = PBXBuildFile; fileRef = B6AEB6202B31441900FE492D /* MainViewController.swift */; };
		B6AEB6272B315A0900FE492D /* BaseOnboardingViewController.swift in Sources */ = {isa = PBXBuildFile; fileRef = B6AEB6262B315A0900FE492D /* BaseOnboardingViewController.swift */; };
		B6AEB62B2B3187DD00FE492D /* WrapperBaseOnboardingViewController.swift in Sources */ = {isa = PBXBuildFile; fileRef = B6AEB62A2B3187DD00FE492D /* WrapperBaseOnboardingViewController.swift */; };
		B6AEB62D2B318A0600FE492D /* UIViewController+Extension.swift in Sources */ = {isa = PBXBuildFile; fileRef = B6AEB62C2B318A0600FE492D /* UIViewController+Extension.swift */; };
		B6C7AFEC2B32BDE5007619AF /* HomeViewController.swift in Sources */ = {isa = PBXBuildFile; fileRef = B6C7AFEB2B32BDE5007619AF /* HomeViewController.swift */; };
		B6C7AFEF2B32C673007619AF /* AppUserDefaults.swift in Sources */ = {isa = PBXBuildFile; fileRef = B6C7AFEE2B32C673007619AF /* AppUserDefaults.swift */; };
/* End PBXBuildFile section */

/* Begin PBXFileReference section */
		B6907DE32B302E9C006D5044 /* ViewPreview.swift */ = {isa = PBXFileReference; fileEncoding = 4; lastKnownFileType = sourcecode.swift; path = ViewPreview.swift; sourceTree = "<group>"; };
		B6907DE42B302E9C006D5044 /* TabBarControllerPreview.swift */ = {isa = PBXFileReference; fileEncoding = 4; lastKnownFileType = sourcecode.swift; path = TabBarControllerPreview.swift; sourceTree = "<group>"; };
		B6907DE52B302E9C006D5044 /* ViewControllerPreview.swift */ = {isa = PBXFileReference; fileEncoding = 4; lastKnownFileType = sourcecode.swift; path = ViewControllerPreview.swift; sourceTree = "<group>"; };
		B6907DE62B302E9C006D5044 /* NavigationControllerPreview.swift */ = {isa = PBXFileReference; fileEncoding = 4; lastKnownFileType = sourcecode.swift; path = NavigationControllerPreview.swift; sourceTree = "<group>"; };
		B6907DE72B302E9C006D5044 /* PreviewTabBarItem.swift */ = {isa = PBXFileReference; fileEncoding = 4; lastKnownFileType = sourcecode.swift; path = PreviewTabBarItem.swift; sourceTree = "<group>"; };
		B6907DE92B302E9C006D5044 /* DesignTime+BackDeploy.swift */ = {isa = PBXFileReference; fileEncoding = 4; lastKnownFileType = sourcecode.swift; path = "DesignTime+BackDeploy.swift"; sourceTree = "<group>"; };
		B696F87D2B33CB9B00AF7D7D /* AppViewFactory.swift */ = {isa = PBXFileReference; lastKnownFileType = sourcecode.swift; path = AppViewFactory.swift; sourceTree = "<group>"; };
		B6A2F5A92B30430200432876 /* Launch Screen.storyboard */ = {isa = PBXFileReference; lastKnownFileType = file.storyboard; path = "Launch Screen.storyboard"; sourceTree = "<group>"; };
		B6A4938E2B31126C00A41402 /* OnboardingViewController.swift */ = {isa = PBXFileReference; lastKnownFileType = sourcecode.swift; path = OnboardingViewController.swift; sourceTree = "<group>"; };
		B6AD6A952B21BD9900D26F72 /* Alpha Todo.app */ = {isa = PBXFileReference; explicitFileType = wrapper.application; includeInIndex = 0; path = "Alpha Todo.app"; sourceTree = BUILT_PRODUCTS_DIR; };
		B6AD6A982B21BD9900D26F72 /* AppDelegate.swift */ = {isa = PBXFileReference; lastKnownFileType = sourcecode.swift; path = AppDelegate.swift; sourceTree = "<group>"; };
		B6AD6A9A2B21BD9900D26F72 /* SceneDelegate.swift */ = {isa = PBXFileReference; lastKnownFileType = sourcecode.swift; path = SceneDelegate.swift; sourceTree = "<group>"; };
		B6AD6AA12B21BD9B00D26F72 /* Assets.xcassets */ = {isa = PBXFileReference; lastKnownFileType = folder.assetcatalog; path = Assets.xcassets; sourceTree = "<group>"; };
		B6AD6AA62B21BD9B00D26F72 /* Info.plist */ = {isa = PBXFileReference; lastKnownFileType = text.plist.xml; path = Info.plist; sourceTree = "<group>"; };
		B6AEB61D2B313E5700FE492D /* UIFont+Extension.swift */ = {isa = PBXFileReference; fileEncoding = 4; lastKnownFileType = sourcecode.swift; path = "UIFont+Extension.swift"; sourceTree = "<group>"; };
		B6AEB6202B31441900FE492D /* MainViewController.swift */ = {isa = PBXFileReference; lastKnownFileType = sourcecode.swift; path = MainViewController.swift; sourceTree = "<group>"; };
		B6AEB6262B315A0900FE492D /* BaseOnboardingViewController.swift */ = {isa = PBXFileReference; lastKnownFileType = sourcecode.swift; path = BaseOnboardingViewController.swift; sourceTree = "<group>"; };
		B6AEB62A2B3187DD00FE492D /* WrapperBaseOnboardingViewController.swift */ = {isa = PBXFileReference; lastKnownFileType = sourcecode.swift; path = WrapperBaseOnboardingViewController.swift; sourceTree = "<group>"; };
		B6AEB62C2B318A0600FE492D /* UIViewController+Extension.swift */ = {isa = PBXFileReference; lastKnownFileType = sourcecode.swift; path = "UIViewController+Extension.swift"; sourceTree = "<group>"; };
		B6C7AFEB2B32BDE5007619AF /* HomeViewController.swift */ = {isa = PBXFileReference; lastKnownFileType = sourcecode.swift; path = HomeViewController.swift; sourceTree = "<group>"; };
		B6C7AFEE2B32C673007619AF /* AppUserDefaults.swift */ = {isa = PBXFileReference; lastKnownFileType = sourcecode.swift; path = AppUserDefaults.swift; sourceTree = "<group>"; };
		BE80C4713EB4CE48BA4BB9AB /* Pods-Alpha Todo.debug.xcconfig */ = {isa = PBXFileReference; includeInIndex = 1; lastKnownFileType = text.xcconfig; name = "Pods-Alpha Todo.debug.xcconfig"; path = "Target Support Files/Pods-Alpha Todo/Pods-Alpha Todo.debug.xcconfig"; sourceTree = "<group>"; };
		D8599289036EC6BF06CB793C /* Pods_Alpha_Todo.framework */ = {isa = PBXFileReference; explicitFileType = wrapper.framework; includeInIndex = 0; path = Pods_Alpha_Todo.framework; sourceTree = BUILT_PRODUCTS_DIR; };
		E7B7A17D6C0406CB6940EF70 /* Pods-Alpha Todo.release.xcconfig */ = {isa = PBXFileReference; includeInIndex = 1; lastKnownFileType = text.xcconfig; name = "Pods-Alpha Todo.release.xcconfig"; path = "Target Support Files/Pods-Alpha Todo/Pods-Alpha Todo.release.xcconfig"; sourceTree = "<group>"; };
/* End PBXFileReference section */

/* Begin PBXFrameworksBuildPhase section */
		B6AD6A922B21BD9900D26F72 /* Frameworks */ = {
			isa = PBXFrameworksBuildPhase;
			buildActionMask = 2147483647;
			files = (
				08B490FE962C8B43F0F7D20A /* Pods_Alpha_Todo.framework in Frameworks */,
			);
			runOnlyForDeploymentPostprocessing = 0;
		};
/* End PBXFrameworksBuildPhase section */

/* Begin PBXGroup section */
		0B7C9DF82F821AEC14764A92 /* Pods */ = {
			isa = PBXGroup;
			children = (
				BE80C4713EB4CE48BA4BB9AB /* Pods-Alpha Todo.debug.xcconfig */,
				E7B7A17D6C0406CB6940EF70 /* Pods-Alpha Todo.release.xcconfig */,
			);
			path = Pods;
			sourceTree = "<group>";
		};
		B6907DE22B302E9C006D5044 /* PreviewView */ = {
			isa = PBXGroup;
			children = (
				B6907DE32B302E9C006D5044 /* ViewPreview.swift */,
				B6907DE42B302E9C006D5044 /* TabBarControllerPreview.swift */,
				B6907DE52B302E9C006D5044 /* ViewControllerPreview.swift */,
				B6907DE62B302E9C006D5044 /* NavigationControllerPreview.swift */,
				B6907DE72B302E9C006D5044 /* PreviewTabBarItem.swift */,
			);
			path = PreviewView;
			sourceTree = "<group>";
		};
		B6907DE82B302E9C006D5044 /* PreviewViewLegacyOSCompileFix */ = {
			isa = PBXGroup;
			children = (
				B6907DE92B302E9C006D5044 /* DesignTime+BackDeploy.swift */,
			);
			path = PreviewViewLegacyOSCompileFix;
			sourceTree = "<group>";
		};
		B6A2F5A52B30378900432876 /* Application */ = {
			isa = PBXGroup;
			children = (
				B6AD6A982B21BD9900D26F72 /* AppDelegate.swift */,
				B6AD6A9A2B21BD9900D26F72 /* SceneDelegate.swift */,
				B6AD6AA62B21BD9B00D26F72 /* Info.plist */,
			);
			path = Application;
			sourceTree = "<group>";
		};
		B6A2F5A62B30379700432876 /* Resources */ = {
			isa = PBXGroup;
			children = (
				B6AD6AA12B21BD9B00D26F72 /* Assets.xcassets */,
				B6A2F5A92B30430200432876 /* Launch Screen.storyboard */,
			);
			path = Resources;
			sourceTree = "<group>";
		};
		B6A2F5A72B303A7500432876 /* Features */ = {
			isa = PBXGroup;
			children = (
				B6C7AFE92B32BD6F007619AF /* Home */,
				B6A4938D2B31125A00A41402 /* Onboarding */,
				B6A2F5A82B3042DD00432876 /* Main */,
			);
			path = Features;
			sourceTree = "<group>";
		};
		B6A2F5A82B3042DD00432876 /* Main */ = {
			isa = PBXGroup;
			children = (
				B6AEB61F2B31440B00FE492D /* Views */,
			);
			path = Main;
			sourceTree = "<group>";
		};
		B6A4938D2B31125A00A41402 /* Onboarding */ = {
			isa = PBXGroup;
			children = (
				B6AEB6172B31240700FE492D /* Views */,
			);
			path = Onboarding;
			sourceTree = "<group>";
		};
		B6A493902B31132300A41402 /* Factories */ = {
			isa = PBXGroup;
			children = (
				B696F87D2B33CB9B00AF7D7D /* AppViewFactory.swift */,
			);
			path = Factories;
			sourceTree = "<group>";
		};
		B6AD6A8C2B21BD9900D26F72 = {
			isa = PBXGroup;
			children = (
				B6AD6A972B21BD9900D26F72 /* Alpha Todo */,
				B6AD6A962B21BD9900D26F72 /* Products */,
				0B7C9DF82F821AEC14764A92 /* Pods */,
				E5A591600CCBE33A9B2B8899 /* Frameworks */,
			);
			sourceTree = "<group>";
		};
		B6AD6A962B21BD9900D26F72 /* Products */ = {
			isa = PBXGroup;
			children = (
				B6AD6A952B21BD9900D26F72 /* Alpha Todo.app */,
			);
			name = Products;
			sourceTree = "<group>";
		};
		B6AD6A972B21BD9900D26F72 /* Alpha Todo */ = {
			isa = PBXGroup;
			children = (
				B6A2F5A52B30378900432876 /* Application */,
				B6A2F5A72B303A7500432876 /* Features */,
				B6A493902B31132300A41402 /* Factories */,
				B6C7AFED2B32C652007619AF /* Shared */,
				B6AEB61C2B313E5700FE492D /* Extensions */,
				B6A2F5A62B30379700432876 /* Resources */,
				B6907DE22B302E9C006D5044 /* PreviewView */,
				B6907DE82B302E9C006D5044 /* PreviewViewLegacyOSCompileFix */,
			);
			path = "Alpha Todo";
			sourceTree = "<group>";
		};
		B6AEB6172B31240700FE492D /* Views */ = {
			isa = PBXGroup;
			children = (
				B6A4938E2B31126C00A41402 /* OnboardingViewController.swift */,
				B6AEB62A2B3187DD00FE492D /* WrapperBaseOnboardingViewController.swift */,
				B6AEB6262B315A0900FE492D /* BaseOnboardingViewController.swift */,
			);
			path = Views;
			sourceTree = "<group>";
		};
		B6AEB61C2B313E5700FE492D /* Extensions */ = {
			isa = PBXGroup;
			children = (
				B6AEB61D2B313E5700FE492D /* UIFont+Extension.swift */,
				B6AEB62C2B318A0600FE492D /* UIViewController+Extension.swift */,
			);
			path = Extensions;
			sourceTree = "<group>";
		};
		B6AEB61F2B31440B00FE492D /* Views */ = {
			isa = PBXGroup;
			children = (
				B6AEB6202B31441900FE492D /* MainViewController.swift */,
			);
			path = Views;
			sourceTree = "<group>";
		};
		B6C7AFE92B32BD6F007619AF /* Home */ = {
			isa = PBXGroup;
			children = (
				B6C7AFEA2B32BDC6007619AF /* Views */,
			);
			path = Home;
			sourceTree = "<group>";
		};
		B6C7AFEA2B32BDC6007619AF /* Views */ = {
			isa = PBXGroup;
			children = (
				B6C7AFEB2B32BDE5007619AF /* HomeViewController.swift */,
			);
			path = Views;
			sourceTree = "<group>";
		};
		B6C7AFED2B32C652007619AF /* Shared */ = {
			isa = PBXGroup;
			children = (
				B6C7AFEE2B32C673007619AF /* AppUserDefaults.swift */,
			);
			path = Shared;
			sourceTree = "<group>";
		};
		E5A591600CCBE33A9B2B8899 /* Frameworks */ = {
			isa = PBXGroup;
			children = (
				D8599289036EC6BF06CB793C /* Pods_Alpha_Todo.framework */,
			);
			name = Frameworks;
			sourceTree = "<group>";
		};
/* End PBXGroup section */

/* Begin PBXNativeTarget section */
		B6AD6A942B21BD9900D26F72 /* Alpha Todo */ = {
			isa = PBXNativeTarget;
			buildConfigurationList = B6AD6AA92B21BD9B00D26F72 /* Build configuration list for PBXNativeTarget "Alpha Todo" */;
			buildPhases = (
				659BC175F8D878B9D87740BF /* [CP] Check Pods Manifest.lock */,
				B6AD6A912B21BD9900D26F72 /* Sources */,
				B6AD6A922B21BD9900D26F72 /* Frameworks */,
				B6AD6A932B21BD9900D26F72 /* Resources */,
				CD16A06B362F96B577BB09D3 /* [CP] Embed Pods Frameworks */,
			);
			buildRules = (
			);
			dependencies = (
			);
			name = "Alpha Todo";
			productName = "Alpha Todo";
			productReference = B6AD6A952B21BD9900D26F72 /* Alpha Todo.app */;
			productType = "com.apple.product-type.application";
		};
/* End PBXNativeTarget section */

/* Begin PBXProject section */
		B6AD6A8D2B21BD9900D26F72 /* Project object */ = {
			isa = PBXProject;
			attributes = {
				BuildIndependentTargetsInParallel = 1;
				LastSwiftUpdateCheck = 1500;
				LastUpgradeCheck = 1500;
				TargetAttributes = {
					B6AD6A942B21BD9900D26F72 = {
						CreatedOnToolsVersion = 15.0.1;
					};
				};
			};
			buildConfigurationList = B6AD6A902B21BD9900D26F72 /* Build configuration list for PBXProject "Alpha Todo" */;
			compatibilityVersion = "Xcode 14.0";
			developmentRegion = en;
			hasScannedForEncodings = 0;
			knownRegions = (
				en,
				Base,
			);
			mainGroup = B6AD6A8C2B21BD9900D26F72;
			productRefGroup = B6AD6A962B21BD9900D26F72 /* Products */;
			projectDirPath = "";
			projectRoot = "";
			targets = (
				B6AD6A942B21BD9900D26F72 /* Alpha Todo */,
			);
		};
/* End PBXProject section */

/* Begin PBXResourcesBuildPhase section */
		B6AD6A932B21BD9900D26F72 /* Resources */ = {
			isa = PBXResourcesBuildPhase;
			buildActionMask = 2147483647;
			files = (
				B6A2F5AA2B30430200432876 /* Launch Screen.storyboard in Resources */,
				B6AD6AA22B21BD9B00D26F72 /* Assets.xcassets in Resources */,
			);
			runOnlyForDeploymentPostprocessing = 0;
		};
/* End PBXResourcesBuildPhase section */

/* Begin PBXShellScriptBuildPhase section */
		659BC175F8D878B9D87740BF /* [CP] Check Pods Manifest.lock */ = {
			isa = PBXShellScriptBuildPhase;
			buildActionMask = 2147483647;
			files = (
			);
			inputFileListPaths = (
			);
			inputPaths = (
				"${PODS_PODFILE_DIR_PATH}/Podfile.lock",
				"${PODS_ROOT}/Manifest.lock",
			);
			name = "[CP] Check Pods Manifest.lock";
			outputFileListPaths = (
			);
			outputPaths = (
				"$(DERIVED_FILE_DIR)/Pods-Alpha Todo-checkManifestLockResult.txt",
			);
			runOnlyForDeploymentPostprocessing = 0;
			shellPath = /bin/sh;
			shellScript = "diff \"${PODS_PODFILE_DIR_PATH}/Podfile.lock\" \"${PODS_ROOT}/Manifest.lock\" > /dev/null\nif [ $? != 0 ] ; then\n    # print error to STDERR\n    echo \"error: The sandbox is not in sync with the Podfile.lock. Run 'pod install' or update your CocoaPods installation.\" >&2\n    exit 1\nfi\n# This output is used by Xcode 'outputs' to avoid re-running this script phase.\necho \"SUCCESS\" > \"${SCRIPT_OUTPUT_FILE_0}\"\n";
			showEnvVarsInLog = 0;
		};
		CD16A06B362F96B577BB09D3 /* [CP] Embed Pods Frameworks */ = {
			isa = PBXShellScriptBuildPhase;
			buildActionMask = 2147483647;
			files = (
			);
			inputFileListPaths = (
				"${PODS_ROOT}/Target Support Files/Pods-Alpha Todo/Pods-Alpha Todo-frameworks-${CONFIGURATION}-input-files.xcfilelist",
			);
			name = "[CP] Embed Pods Frameworks";
			outputFileListPaths = (
				"${PODS_ROOT}/Target Support Files/Pods-Alpha Todo/Pods-Alpha Todo-frameworks-${CONFIGURATION}-output-files.xcfilelist",
			);
			runOnlyForDeploymentPostprocessing = 0;
			shellPath = /bin/sh;
			shellScript = "\"${PODS_ROOT}/Target Support Files/Pods-Alpha Todo/Pods-Alpha Todo-frameworks.sh\"\n";
			showEnvVarsInLog = 0;
		};
/* End PBXShellScriptBuildPhase section */

/* Begin PBXSourcesBuildPhase section */
		B6AD6A912B21BD9900D26F72 /* Sources */ = {
			isa = PBXSourcesBuildPhase;
			buildActionMask = 2147483647;
			files = (
				B6AEB61E2B313E5700FE492D /* UIFont+Extension.swift in Sources */,
				B6907DED2B302E9C006D5044 /* NavigationControllerPreview.swift in Sources */,
				B6907DEB2B302E9C006D5044 /* TabBarControllerPreview.swift in Sources */,
				B6C7AFEF2B32C673007619AF /* AppUserDefaults.swift in Sources */,
				B6AEB62D2B318A0600FE492D /* UIViewController+Extension.swift in Sources */,
				B696F87E2B33CB9B00AF7D7D /* AppViewFactory.swift in Sources */,
				B6907DEC2B302E9C006D5044 /* ViewControllerPreview.swift in Sources */,
				B6907DEA2B302E9C006D5044 /* ViewPreview.swift in Sources */,
				B6AEB6212B31441900FE492D /* MainViewController.swift in Sources */,
				B6AD6A992B21BD9900D26F72 /* AppDelegate.swift in Sources */,
				B6AD6A9B2B21BD9900D26F72 /* SceneDelegate.swift in Sources */,
				B6A4938F2B31126C00A41402 /* OnboardingViewController.swift in Sources */,
				B6C7AFEC2B32BDE5007619AF /* HomeViewController.swift in Sources */,
				B6907DEF2B302E9C006D5044 /* DesignTime+BackDeploy.swift in Sources */,
				B6AEB6272B315A0900FE492D /* BaseOnboardingViewController.swift in Sources */,
				B6AEB62B2B3187DD00FE492D /* WrapperBaseOnboardingViewController.swift in Sources */,
				B6907DEE2B302E9C006D5044 /* PreviewTabBarItem.swift in Sources */,
			);
			runOnlyForDeploymentPostprocessing = 0;
		};
/* End PBXSourcesBuildPhase section */

/* Begin XCBuildConfiguration section */
		B6AD6AA72B21BD9B00D26F72 /* Debug */ = {
			isa = XCBuildConfiguration;
			buildSettings = {
				ALWAYS_SEARCH_USER_PATHS = NO;
				ASSETCATALOG_COMPILER_GENERATE_SWIFT_ASSET_SYMBOL_EXTENSIONS = YES;
				CLANG_ANALYZER_NONNULL = YES;
				CLANG_ANALYZER_NUMBER_OBJECT_CONVERSION = YES_AGGRESSIVE;
				CLANG_CXX_LANGUAGE_STANDARD = "gnu++20";
				CLANG_ENABLE_MODULES = YES;
				CLANG_ENABLE_OBJC_ARC = YES;
				CLANG_ENABLE_OBJC_WEAK = YES;
				CLANG_WARN_BLOCK_CAPTURE_AUTORELEASING = YES;
				CLANG_WARN_BOOL_CONVERSION = YES;
				CLANG_WARN_COMMA = YES;
				CLANG_WARN_CONSTANT_CONVERSION = YES;
				CLANG_WARN_DEPRECATED_OBJC_IMPLEMENTATIONS = YES;
				CLANG_WARN_DIRECT_OBJC_ISA_USAGE = YES_ERROR;
				CLANG_WARN_DOCUMENTATION_COMMENTS = YES;
				CLANG_WARN_EMPTY_BODY = YES;
				CLANG_WARN_ENUM_CONVERSION = YES;
				CLANG_WARN_INFINITE_RECURSION = YES;
				CLANG_WARN_INT_CONVERSION = YES;
				CLANG_WARN_NON_LITERAL_NULL_CONVERSION = YES;
				CLANG_WARN_OBJC_IMPLICIT_RETAIN_SELF = YES;
				CLANG_WARN_OBJC_LITERAL_CONVERSION = YES;
				CLANG_WARN_OBJC_ROOT_CLASS = YES_ERROR;
				CLANG_WARN_QUOTED_INCLUDE_IN_FRAMEWORK_HEADER = YES;
				CLANG_WARN_RANGE_LOOP_ANALYSIS = YES;
				CLANG_WARN_STRICT_PROTOTYPES = YES;
				CLANG_WARN_SUSPICIOUS_MOVE = YES;
				CLANG_WARN_UNGUARDED_AVAILABILITY = YES_AGGRESSIVE;
				CLANG_WARN_UNREACHABLE_CODE = YES;
				CLANG_WARN__DUPLICATE_METHOD_MATCH = YES;
				COPY_PHASE_STRIP = NO;
				DEBUG_INFORMATION_FORMAT = dwarf;
				ENABLE_STRICT_OBJC_MSGSEND = YES;
				ENABLE_TESTABILITY = YES;
				ENABLE_USER_SCRIPT_SANDBOXING = YES;
				GCC_C_LANGUAGE_STANDARD = gnu17;
				GCC_DYNAMIC_NO_PIC = NO;
				GCC_NO_COMMON_BLOCKS = YES;
				GCC_OPTIMIZATION_LEVEL = 0;
				GCC_PREPROCESSOR_DEFINITIONS = (
					"DEBUG=1",
					"$(inherited)",
				);
				GCC_WARN_64_TO_32_BIT_CONVERSION = YES;
				GCC_WARN_ABOUT_RETURN_TYPE = YES_ERROR;
				GCC_WARN_UNDECLARED_SELECTOR = YES;
				GCC_WARN_UNINITIALIZED_AUTOS = YES_AGGRESSIVE;
				GCC_WARN_UNUSED_FUNCTION = YES;
				GCC_WARN_UNUSED_VARIABLE = YES;
				IPHONEOS_DEPLOYMENT_TARGET = 17.0;
				LOCALIZATION_PREFERS_STRING_CATALOGS = YES;
				MTL_ENABLE_DEBUG_INFO = INCLUDE_SOURCE;
				MTL_FAST_MATH = YES;
				ONLY_ACTIVE_ARCH = YES;
				SDKROOT = iphoneos;
				SWIFT_ACTIVE_COMPILATION_CONDITIONS = "DEBUG $(inherited)";
				SWIFT_OPTIMIZATION_LEVEL = "-Onone";
			};
			name = Debug;
		};
		B6AD6AA82B21BD9B00D26F72 /* Release */ = {
			isa = XCBuildConfiguration;
			buildSettings = {
				ALWAYS_SEARCH_USER_PATHS = NO;
				ASSETCATALOG_COMPILER_GENERATE_SWIFT_ASSET_SYMBOL_EXTENSIONS = YES;
				CLANG_ANALYZER_NONNULL = YES;
				CLANG_ANALYZER_NUMBER_OBJECT_CONVERSION = YES_AGGRESSIVE;
				CLANG_CXX_LANGUAGE_STANDARD = "gnu++20";
				CLANG_ENABLE_MODULES = YES;
				CLANG_ENABLE_OBJC_ARC = YES;
				CLANG_ENABLE_OBJC_WEAK = YES;
				CLANG_WARN_BLOCK_CAPTURE_AUTORELEASING = YES;
				CLANG_WARN_BOOL_CONVERSION = YES;
				CLANG_WARN_COMMA = YES;
				CLANG_WARN_CONSTANT_CONVERSION = YES;
				CLANG_WARN_DEPRECATED_OBJC_IMPLEMENTATIONS = YES;
				CLANG_WARN_DIRECT_OBJC_ISA_USAGE = YES_ERROR;
				CLANG_WARN_DOCUMENTATION_COMMENTS = YES;
				CLANG_WARN_EMPTY_BODY = YES;
				CLANG_WARN_ENUM_CONVERSION = YES;
				CLANG_WARN_INFINITE_RECURSION = YES;
				CLANG_WARN_INT_CONVERSION = YES;
				CLANG_WARN_NON_LITERAL_NULL_CONVERSION = YES;
				CLANG_WARN_OBJC_IMPLICIT_RETAIN_SELF = YES;
				CLANG_WARN_OBJC_LITERAL_CONVERSION = YES;
				CLANG_WARN_OBJC_ROOT_CLASS = YES_ERROR;
				CLANG_WARN_QUOTED_INCLUDE_IN_FRAMEWORK_HEADER = YES;
				CLANG_WARN_RANGE_LOOP_ANALYSIS = YES;
				CLANG_WARN_STRICT_PROTOTYPES = YES;
				CLANG_WARN_SUSPICIOUS_MOVE = YES;
				CLANG_WARN_UNGUARDED_AVAILABILITY = YES_AGGRESSIVE;
				CLANG_WARN_UNREACHABLE_CODE = YES;
				CLANG_WARN__DUPLICATE_METHOD_MATCH = YES;
				COPY_PHASE_STRIP = NO;
				DEBUG_INFORMATION_FORMAT = "dwarf-with-dsym";
				ENABLE_NS_ASSERTIONS = NO;
				ENABLE_STRICT_OBJC_MSGSEND = YES;
				ENABLE_USER_SCRIPT_SANDBOXING = YES;
				GCC_C_LANGUAGE_STANDARD = gnu17;
				GCC_NO_COMMON_BLOCKS = YES;
				GCC_WARN_64_TO_32_BIT_CONVERSION = YES;
				GCC_WARN_ABOUT_RETURN_TYPE = YES_ERROR;
				GCC_WARN_UNDECLARED_SELECTOR = YES;
				GCC_WARN_UNINITIALIZED_AUTOS = YES_AGGRESSIVE;
				GCC_WARN_UNUSED_FUNCTION = YES;
				GCC_WARN_UNUSED_VARIABLE = YES;
				IPHONEOS_DEPLOYMENT_TARGET = 17.0;
				LOCALIZATION_PREFERS_STRING_CATALOGS = YES;
				MTL_ENABLE_DEBUG_INFO = NO;
				MTL_FAST_MATH = YES;
				SDKROOT = iphoneos;
				SWIFT_COMPILATION_MODE = wholemodule;
				VALIDATE_PRODUCT = YES;
			};
			name = Release;
		};
		B6AD6AAA2B21BD9B00D26F72 /* Debug */ = {
			isa = XCBuildConfiguration;
			baseConfigurationReference = BE80C4713EB4CE48BA4BB9AB /* Pods-Alpha Todo.debug.xcconfig */;
			buildSettings = {
				ASSETCATALOG_COMPILER_APPICON_NAME = AppIcon;
				ASSETCATALOG_COMPILER_GLOBAL_ACCENT_COLOR_NAME = AccentColor;
				CODE_SIGN_STYLE = Automatic;
				CURRENT_PROJECT_VERSION = 1;
				DEVELOPMENT_TEAM = 2N64875GLV;
				ENABLE_USER_SCRIPT_SANDBOXING = NO;
				GENERATE_INFOPLIST_FILE = YES;
				INFOPLIST_FILE = "Alpha Todo/Application/Info.plist";
				INFOPLIST_KEY_UIApplicationSupportsIndirectInputEvents = YES;
				INFOPLIST_KEY_UILaunchStoryboardName = "Launch Screen.storyboard";
				INFOPLIST_KEY_UISupportedInterfaceOrientations = UIInterfaceOrientationPortrait;
				INFOPLIST_KEY_UISupportedInterfaceOrientations_iPad = "UIInterfaceOrientationPortrait UIInterfaceOrientationPortraitUpsideDown";
				IPHONEOS_DEPLOYMENT_TARGET = 13.0;
				LD_RUNPATH_SEARCH_PATHS = (
					"$(inherited)",
					"@executable_path/Frameworks",
				);
				MARKETING_VERSION = 1.0;
				PRODUCT_BUNDLE_IDENTIFIER = "com.github.syndicate017.Alpha-Todo";
				PRODUCT_NAME = "$(TARGET_NAME)";
				SUPPORTED_PLATFORMS = "iphoneos iphonesimulator";
				SUPPORTS_MACCATALYST = NO;
				SUPPORTS_MAC_DESIGNED_FOR_IPHONE_IPAD = NO;
				SWIFT_EMIT_LOC_STRINGS = YES;
				SWIFT_VERSION = 5.0;
				TARGETED_DEVICE_FAMILY = 1;
			};
			name = Debug;
		};
		B6AD6AAB2B21BD9B00D26F72 /* Release */ = {
			isa = XCBuildConfiguration;
			baseConfigurationReference = E7B7A17D6C0406CB6940EF70 /* Pods-Alpha Todo.release.xcconfig */;
			buildSettings = {
				ASSETCATALOG_COMPILER_APPICON_NAME = AppIcon;
				ASSETCATALOG_COMPILER_GLOBAL_ACCENT_COLOR_NAME = AccentColor;
				CODE_SIGN_STYLE = Automatic;
				CURRENT_PROJECT_VERSION = 1;
				DEVELOPMENT_TEAM = 2N64875GLV;
				ENABLE_USER_SCRIPT_SANDBOXING = NO;
				GENERATE_INFOPLIST_FILE = YES;
				INFOPLIST_FILE = "Alpha Todo/Application/Info.plist";
				INFOPLIST_KEY_UIApplicationSupportsIndirectInputEvents = YES;
				INFOPLIST_KEY_UILaunchStoryboardName = "Launch Screen.storyboard";
				INFOPLIST_KEY_UISupportedInterfaceOrientations = UIInterfaceOrientationPortrait;
				INFOPLIST_KEY_UISupportedInterfaceOrientations_iPad = "UIInterfaceOrientationPortrait UIInterfaceOrientationPortraitUpsideDown";
				IPHONEOS_DEPLOYMENT_TARGET = 13.0;
				LD_RUNPATH_SEARCH_PATHS = (
					"$(inherited)",
					"@executable_path/Frameworks",
				);
				MARKETING_VERSION = 1.0;
				PRODUCT_BUNDLE_IDENTIFIER = "com.github.syndicate017.Alpha-Todo";
				PRODUCT_NAME = "$(TARGET_NAME)";
				SUPPORTED_PLATFORMS = "iphoneos iphonesimulator";
				SUPPORTS_MACCATALYST = NO;
				SUPPORTS_MAC_DESIGNED_FOR_IPHONE_IPAD = NO;
				SWIFT_EMIT_LOC_STRINGS = YES;
				SWIFT_VERSION = 5.0;
				TARGETED_DEVICE_FAMILY = 1;
			};
			name = Release;
		};
/* End XCBuildConfiguration section */

/* Begin XCConfigurationList section */
		B6AD6A902B21BD9900D26F72 /* Build configuration list for PBXProject "Alpha Todo" */ = {
			isa = XCConfigurationList;
			buildConfigurations = (
				B6AD6AA72B21BD9B00D26F72 /* Debug */,
				B6AD6AA82B21BD9B00D26F72 /* Release */,
			);
			defaultConfigurationIsVisible = 0;
			defaultConfigurationName = Release;
		};
		B6AD6AA92B21BD9B00D26F72 /* Build configuration list for PBXNativeTarget "Alpha Todo" */ = {
			isa = XCConfigurationList;
			buildConfigurations = (
				B6AD6AAA2B21BD9B00D26F72 /* Debug */,
				B6AD6AAB2B21BD9B00D26F72 /* Release */,
			);
			defaultConfigurationIsVisible = 0;
			defaultConfigurationName = Release;
		};
/* End XCConfigurationList section */
	};
	rootObject = B6AD6A8D2B21BD9900D26F72 /* Project object */;
}
